{
  "name": "eventwebsite",
  "version": "1.0.0",
  "lockfileVersion": 2,
  "requires": true,
  "packages": {
    "": {
      "name": "eventwebsite",
      "version": "1.0.0",
      "license": "ISC",
      "devDependencies": {
        "hint": "^2.0.0"
      }
    },
    "node_modules/hint": {
      "version": "2.0.0",
      "resolved": "https://registry.npmjs.org/hint/-/hint-2.0.0.tgz",
      "integrity": "sha512-T1sPD0we/dH8l+V57rQtx0QKz+wpugcuDfJLsj/lkO+1+4Rmz9oOtwcKB2ydTbeOXAez/2dsKxjP5scUEkSuyg==",
      "deprecated": "Versions prior to v3 are deprecated as project changed ownership and scope.",
      "dev": true,
      "dependencies": {
        "insert-rule": "^2.1.0",
        "nib": "^1.0.3"
      }
    },
    "node_modules/insert-rule": {
      "version": "2.1.0",
      "resolved": "https://registry.npmjs.org/insert-rule/-/insert-rule-2.1.0.tgz",
      "integrity": "sha512-wc9EENu1wzZZNSVVRfb/j9COmIjqEHKA8oDT26dP62+zl57vy963EO873s8yAZBeNQIDcCuO0ZMYl57TjktSjA==",
      "dev": true
    },
    "node_modules/nib": {
      "version": "1.2.0",
      "resolved": "https://registry.npmjs.org/nib/-/nib-1.2.0.tgz",
      "integrity": "sha512-7HgrnMl/3yOmWykueO8/D0q+0iWwe7Z+CK2Eaq/xQV8w1hK80WN1oReRQkfkrztbAAnp/nTHkUSl5EcVkor6JQ==",
      "dev": true,
      "engines": {
        "node": "*"
      },
      "peerDependencies": {
        "stylus": "*"
      }
    }
  },
  "dependencies": {
    "hint": {
      "version": "2.0.0",
      "resolved": "https://registry.npmjs.org/hint/-/hint-2.0.0.tgz",
      "integrity": "sha512-T1sPD0we/dH8l+V57rQtx0QKz+wpugcuDfJLsj/lkO+1+4Rmz9oOtwcKB2ydTbeOXAez/2dsKxjP5scUEkSuyg==",
      "dev": true,
      "requires": {
        "insert-rule": "^2.1.0",
        "nib": "^1.0.3"
      }
    },
    "insert-rule": {
      "version": "2.1.0",
      "resolved": "https://registry.npmjs.org/insert-rule/-/insert-rule-2.1.0.tgz",
      "integrity": "sha512-wc9EENu1wzZZNSVVRfb/j9COmIjqEHKA8oDT26dP62+zl57vy963EO873s8yAZBeNQIDcCuO0ZMYl57TjktSjA==",
      "dev": true
    },
    "nib": {
      "version": "1.2.0",
      "resolved": "https://registry.npmjs.org/nib/-/nib-1.2.0.tgz",
      "integrity": "sha512-7HgrnMl/3yOmWykueO8/D0q+0iWwe7Z+CK2Eaq/xQV8w1hK80WN1oReRQkfkrztbAAnp/nTHkUSl5EcVkor6JQ==",
      "dev": true
    }
  }
}
